
Microsoft Visual Studio Solution File, Format Version 12.00
# Visual Studio Version 17
VisualStudioVersion = 17.7.34221.43
MinimumVisualStudioVersion = 10.0.40219.1
Project("{FAE04EC0-301F-11D3-BF4B-00C04F79EFBC}") = "SpreadSheetWorking", "SpreadSheetWorking\SpreadSheetWorking.csproj", "{5995FCD5-3AC3-4C2D-9E32-67354910B871}"
EndProject
Global
	GlobalSection(SolutionConfigurationPlatforms) = preSolution
		Debug|Any CPU = Debug|Any CPU
		Release|Any CPU = Release|Any CPU
	EndGlobalSection
	GlobalSection(ProjectConfigurationPlatforms) = postSolution
		{5995FCD5-3AC3-4C2D-9E32-67354910B871}.Debug|Any CPU.ActiveCfg = Debug|Any CPU
		{5995FCD5-3AC3-4C2D-9E32-67354910B871}.Debug|Any CPU.Build.0 = Debug|Any CPU
		{5995FCD5-3AC3-4C2D-9E32-67354910B871}.Release|Any CPU.ActiveCfg = Release|Any CPU
		{5995FCD5-3AC3-4C2D-9E32-67354910B871}.Release|Any CPU.Build.0 = Release|Any CPU
	EndGlobalSection
	GlobalSection(SolutionProperties) = preSolution
		HideSolutionNode = FALSE
	EndGlobalSection
	GlobalSection(ExtensibilityGlobals) = postSolution
		SolutionGuid = {8DEB7C08-0120-42A6-BDA6-50E0DC4971CB}
	EndGlobalSection
EndGlobal
